
Microsoft Visual Studio Solution File, Format Version 12.00
# Visual Studio Version 17
VisualStudioVersion = 17.0.32112.339
MinimumVisualStudioVersion = 10.0.40219.1
Project("{FAE04EC0-301F-11D3-BF4B-00C04F79EFBC}") = "Api", "Api\Api.csproj", "{9DA80DAB-E57B-4CDA-96E5-FB6E271BEBB8}"
EndProject
Project("{FAE04EC0-301F-11D3-BF4B-00C04F79EFBC}") = "Api.Core", "Api.Core\Api.Core.csproj", "{D7F2AE4D-3BA9-4242-A419-19A5D60FF5AF}"
EndProject
Project("{FAE04EC0-301F-11D3-BF4B-00C04F79EFBC}") = "Api.Infrastructure", "Api.Infrastructure\Api.Infrastructure.csproj", "{48D96355-1821-4944-8C8E-D2D0CFEC214A}"
EndProject
Global
	GlobalSection(SolutionConfigurationPlatforms) = preSolution
		Debug|Any CPU = Debug|Any CPU
		Release|Any CPU = Release|Any CPU
	EndGlobalSection
	GlobalSection(ProjectConfigurationPlatforms) = postSolution
		{9DA80DAB-E57B-4CDA-96E5-FB6E271BEBB8}.Debug|Any CPU.ActiveCfg = Debug|Any CPU
		{9DA80DAB-E57B-4CDA-96E5-FB6E271BEBB8}.Debug|Any CPU.Build.0 = Debug|Any CPU
		{9DA80DAB-E57B-4CDA-96E5-FB6E271BEBB8}.Release|Any CPU.ActiveCfg = Release|Any CPU
		{9DA80DAB-E57B-4CDA-96E5-FB6E271BEBB8}.Release|Any CPU.Build.0 = Release|Any CPU
		{D7F2AE4D-3BA9-4242-A419-19A5D60FF5AF}.Debug|Any CPU.ActiveCfg = Debug|Any CPU
		{D7F2AE4D-3BA9-4242-A419-19A5D60FF5AF}.Debug|Any CPU.Build.0 = Debug|Any CPU
		{D7F2AE4D-3BA9-4242-A419-19A5D60FF5AF}.Release|Any CPU.ActiveCfg = Release|Any CPU
		{D7F2AE4D-3BA9-4242-A419-19A5D60FF5AF}.Release|Any CPU.Build.0 = Release|Any CPU
		{48D96355-1821-4944-8C8E-D2D0CFEC214A}.Debug|Any CPU.ActiveCfg = Debug|Any CPU
		{48D96355-1821-4944-8C8E-D2D0CFEC214A}.Debug|Any CPU.Build.0 = Debug|Any CPU
		{48D96355-1821-4944-8C8E-D2D0CFEC214A}.Release|Any CPU.ActiveCfg = Release|Any CPU
		{48D96355-1821-4944-8C8E-D2D0CFEC214A}.Release|Any CPU.Build.0 = Release|Any CPU
	EndGlobalSection
	GlobalSection(SolutionProperties) = preSolution
		HideSolutionNode = FALSE
	EndGlobalSection
	GlobalSection(ExtensibilityGlobals) = postSolution
		SolutionGuid = {4C81D335-8F9B-41D5-AC84-78282FC132DA}
	EndGlobalSection
EndGlobal
